{
  "nodes": {
    "kite": {
      "inputs": {
        "mark": "mark",
        "page": "page"
      },
      "locked": {
        "lastModified": 1762383959,
        "narHash": "sha256-PX7l0g3RJcaDtvWddfPEBeSrebs/QvHVUMp5eTp3FGg=",
        "owner": "indynet",
        "repo": "kite",
        "rev": "593fa2cb571ee36180c24bc52b67860466ec2a4b",
        "type": "github"
      },
      "original": {
        "owner": "indynet",
        "repo": "kite",
        "type": "github"
      }
    },
    "mark": {
      "inputs": {
        "nixpkgs": "nixpkgs"
      },
      "locked": {
        "lastModified": 1762383937,
        "narHash": "sha256-Im5UHxEnfqylO27T8T1rARyXlsYcyKnHPLCdhNfSx/g=",
        "owner": "indynet",
        "repo": "mark",
        "rev": "b9ea9aa17420a86e851081fc04b728718ea0a7e3",
        "type": "github"
      },
      "original": {
        "owner": "indynet",
        "repo": "mark",
        "type": "github"
      }
    },
    "nixpkgs": {
      "locked": {
        "lastModified": 1762156382,
        "narHash": "sha256-Yg7Ag7ov5+36jEFC1DaZh/12SEXo6OO3/8rqADRxiqs=",
        "owner": "NixOS",
        "repo": "nixpkgs",
        "rev": "7241bcbb4f099a66aafca120d37c65e8dda32717",
        "type": "github"
      },
      "original": {
        "owner": "NixOS",
        "ref": "nixpkgs-unstable",
        "repo": "nixpkgs",
        "type": "github"
      }
    },
    "nixpkgs_2": {
      "locked": {
        "lastModified": 1762156382,
        "narHash": "sha256-Yg7Ag7ov5+36jEFC1DaZh/12SEXo6OO3/8rqADRxiqs=",
        "owner": "NixOS",
        "repo": "nixpkgs",
        "rev": "7241bcbb4f099a66aafca120d37c65e8dda32717",
        "type": "github"
      },
      "original": {
        "owner": "NixOS",
        "ref": "nixpkgs-unstable",
        "repo": "nixpkgs",
        "type": "github"
      }
    },
    "nixpkgs_3": {
      "locked": {
        "lastModified": 1762286042,
        "narHash": "sha256-OD5HsZ+sN7VvNucbrjiCz7CHF5zf9gP51YVJvPwYIH8=",
        "owner": "NixOS",
        "repo": "nixpkgs",
        "rev": "12c1f0253aa9a54fdf8ec8aecaafada64a111e24",
        "type": "github"
      },
      "original": {
        "owner": "NixOS",
        "ref": "nixpkgs-unstable",
        "repo": "nixpkgs",
        "type": "github"
      }
    },
    "page": {
      "inputs": {
        "nixpkgs": "nixpkgs_2"
      },
      "locked": {
        "lastModified": 1762325951,
        "narHash": "sha256-DG6qpNYcm+jeb0kDPjzAuSwt+DiL8kb3XwAQN8dQHZw=",
        "owner": "indynet",
        "repo": "page",
        "rev": "01c81844bc1bba97a45a34efda01afbada5a17d6",
        "type": "github"
      },
      "original": {
        "owner": "indynet",
        "repo": "page",
        "type": "github"
      }
    },
    "root": {
      "inputs": {
        "kite": "kite",
        "nixpkgs": "nixpkgs_3"
      }
    }
  },
  "root": "root",
  "version": 7
}
